// !$*UTF8*$!
{
	archiveVersion = 1;
	classes = {
	};
	objectVersion = 46;
	objects = {

/* Begin PBXBuildFile section */
		CFF7D2721A88BFCA00DA64F7 /* main.m in Sources */ = {isa = PBXBuildFile; fileRef = CFF7D2711A88BFCA00DA64F7 /* main.m */; };
		CFF7D2751A88BFCA00DA64F7 /* AppDelegate.m in Sources */ = {isa = PBXBuildFile; fileRef = CFF7D2741A88BFCA00DA64F7 /* AppDelegate.m */; };
		CFF7D2781A88BFCA00DA64F7 /* ViewController.m in Sources */ = {isa = PBXBuildFile; fileRef = CFF7D2771A88BFCA00DA64F7 /* ViewController.m */; };
		CFF7D27B1A88BFCA00DA64F7 /* Main.storyboard in Resources */ = {isa = PBXBuildFile; fileRef = CFF7D2791A88BFCA00DA64F7 /* Main.storyboard */; };
		CFF7D27D1A88BFCA00DA64F7 /* Images.xcassets in Resources */ = {isa = PBXBuildFile; fileRef = CFF7D27C1A88BFCA00DA64F7 /* Images.xcassets */; };
		CFF7D2801A88BFCA00DA64F7 /* LaunchScreen.xib in Resources */ = {isa = PBXBuildFile; fileRef = CFF7D27E1A88BFCA00DA64F7 /* LaunchScreen.xib */; };
		CFF7D28C1A88BFCA00DA64F7 /* ScroTTTests.m in Sources */ = {isa = PBXBuildFile; fileRef = CFF7D28B1A88BFCA00DA64F7 /* ScroTTTests.m */; };
		CFF7D2971A88C03000DA64F7 /* YBScrollController.m in Sources */ = {isa = PBXBuildFile; fileRef = CFF7D2961A88C03000DA64F7 /* YBScrollController.m */; };
/* End PBXBuildFile section */

/* Begin PBXContainerItemProxy section */
		CFF7D2861A88BFCA00DA64F7 /* PBXContainerItemProxy */ = {
			isa = PBXContainerItemProxy;
			containerPortal = CFF7D2641A88BFCA00DA64F7 /* Project object */;
			proxyType = 1;
			remoteGlobalIDString = CFF7D26B1A88BFCA00DA64F7;
			remoteInfo = ScroTT;
		};
/* End PBXContainerItemProxy section */

/* Begin PBXFileReference section */
		CFF7D26C1A88BFCA00DA64F7 /* ScroTT.app */ = {isa = PBXFileReference; explicitFileType = wrapper.application; includeInIndex = 0; path = ScroTT.app; sourceTree = BUILT_PRODUCTS_DIR; };
		CFF7D2701A88BFCA00DA64F7 /* Info.plist */ = {isa = PBXFileReference; lastKnownFileType = text.plist.xml; path = Info.plist; sourceTree = "<group>"; };
		CFF7D2711A88BFCA00DA64F7 /* main.m */ = {isa = PBXFileReference; lastKnownFileType = sourcecode.c.objc; path = main.m; sourceTree = "<group>"; };
		CFF7D2731A88BFCA00DA64F7 /* AppDelegate.h */ = {isa = PBXFileReference; lastKnownFileType = sourcecode.c.h; path = AppDelegate.h; sourceTree = "<group>"; };
		CFF7D2741A88BFCA00DA64F7 /* AppDelegate.m */ = {isa = PBXFileReference; lastKnownFileType = sourcecode.c.objc; path = AppDelegate.m; sourceTree = "<group>"; };
		CFF7D2761A88BFCA00DA64F7 /* ViewController.h */ = {isa = PBXFileReference; lastKnownFileType = sourcecode.c.h; path = ViewController.h; sourceTree = "<group>"; };
		CFF7D2771A88BFCA00DA64F7 /* ViewController.m */ = {isa = PBXFileReference; lastKnownFileType = sourcecode.c.objc; path = ViewController.m; sourceTree = "<group>"; };
		CFF7D27A1A88BFCA00DA64F7 /* Base */ = {isa = PBXFileReference; lastKnownFileType = file.storyboard; name = Base; path = Base.lproj/Main.storyboard; sourceTree = "<group>"; };
		CFF7D27C1A88BFCA00DA64F7 /* Images.xcassets */ = {isa = PBXFileReference; lastKnownFileType = folder.assetcatalog; path = Images.xcassets; sourceTree = "<group>"; };
		CFF7D27F1A88BFCA00DA64F7 /* Base */ = {isa = PBXFileReference; lastKnownFileType = file.xib; name = Base; path = Base.lproj/LaunchScreen.xib; sourceTree = "<group>"; };
		CFF7D2851A88BFCA00DA64F7 /* ScroTTTests.xctest */ = {isa = PBXFileReference; explicitFileType = wrapper.cfbundle; includeInIndex = 0; path = ScroTTTests.xctest; sourceTree = BUILT_PRODUCTS_DIR; };
		CFF7D28A1A88BFCA00DA64F7 /* Info.plist */ = {isa = PBXFileReference; lastKnownFileType = text.plist.xml; path = Info.plist; sourceTree = "<group>"; };
		CFF7D28B1A88BFCA00DA64F7 /* ScroTTTests.m */ = {isa = PBXFileReference; lastKnownFileType = sourcecode.c.objc; path = ScroTTTests.m; sourceTree = "<group>"; };
		CFF7D2951A88C03000DA64F7 /* YBScrollController.h */ = {isa = PBXFileReference; fileEncoding = 4; lastKnownFileType = sourcecode.c.h; path = YBScrollController.h; sourceTree = "<group>"; };
		CFF7D2961A88C03000DA64F7 /* YBScrollController.m */ = {isa = PBXFileReference; fileEncoding = 4; lastKnownFileType = sourcecode.c.objc; path = YBScrollController.m; sourceTree = "<group>"; };
/* End PBXFileReference section */

/* Begin PBXFrameworksBuildPhase section */
		CFF7D2691A88BFCA00DA64F7 /* Frameworks */ = {
			isa = PBXFrameworksBuildPhase;
			buildActionMask = 2147483647;
			files = (
			);
			runOnlyForDeploymentPostprocessing = 0;
		};
		CFF7D2821A88BFCA00DA64F7 /* Frameworks */ = {
			isa = PBXFrameworksBuildPhase;
			buildActionMask = 2147483647;
			files = (
			);
			runOnlyForDeploymentPostprocessing = 0;
		};
/* End PBXFrameworksBuildPhase section */

/* Begin PBXGroup section */
		CFF7D2631A88BFCA00DA64F7 = {
			isa = PBXGroup;
			children = (
				CFF7D26E1A88BFCA00DA64F7 /* ScroTT */,
				CFF7D2881A88BFCA00DA64F7 /* ScroTTTests */,
				CFF7D26D1A88BFCA00DA64F7 /* Products */,
			);
			sourceTree = "<group>";
		};
		CFF7D26D1A88BFCA00DA64F7 /* Products */ = {
			isa = PBXGroup;
			children = (
				CFF7D26C1A88BFCA00DA64F7 /* ScroTT.app */,
				CFF7D2851A88BFCA00DA64F7 /* ScroTTTests.xctest */,
			);
			name = Products;
			sourceTree = "<group>";
		};
		CFF7D26E1A88BFCA00DA64F7 /* ScroTT */ = {
			isa = PBXGroup;
			children = (
				CFF7D2731A88BFCA00DA64F7 /* AppDelegate.h */,
				CFF7D2741A88BFCA00DA64F7 /* AppDelegate.m */,
				CFF7D2761A88BFCA00DA64F7 /* ViewController.h */,
				CFF7D2771A88BFCA00DA64F7 /* ViewController.m */,
				CFF7D2791A88BFCA00DA64F7 /* Main.storyboard */,
				CFF7D27C1A88BFCA00DA64F7 /* Images.xcassets */,
				CFF7D27E1A88BFCA00DA64F7 /* LaunchScreen.xib */,
				CFF7D26F1A88BFCA00DA64F7 /* Supporting Files */,
				CFF7D2951A88C03000DA64F7 /* YBScrollController.h */,
				CFF7D2961A88C03000DA64F7 /* YBScrollController.m */,
			);
			path = ScroTT;
			sourceTree = "<group>";
		};
		CFF7D26F1A88BFCA00DA64F7 /* Supporting Files */ = {
			isa = PBXGroup;
			children = (
				CFF7D2701A88BFCA00DA64F7 /* Info.plist */,
				CFF7D2711A88BFCA00DA64F7 /* main.m */,
			);
			name = "Supporting Files";
			sourceTree = "<group>";
		};
		CFF7D2881A88BFCA00DA64F7 /* ScroTTTests */ = {
			isa = PBXGroup;
			children = (
				CFF7D28B1A88BFCA00DA64F7 /* ScroTTTests.m */,
				CFF7D2891A88BFCA00DA64F7 /* Supporting Files */,
			);
			path = ScroTTTests;
			sourceTree = "<group>";
		};
		CFF7D2891A88BFCA00DA64F7 /* Supporting Files */ = {
			isa = PBXGroup;
			children = (
				CFF7D28A1A88BFCA00DA64F7 /* Info.plist */,
			);
			name = "Supporting Files";
			sourceTree = "<group>";
		};
/* End PBXGroup section */

/* Begin PBXNativeTarget section */
		CFF7D26B1A88BFCA00DA64F7 /* ScroTT */ = {
			isa = PBXNativeTarget;
			buildConfigurationList = CFF7D28F1A88BFCA00DA64F7 /* Build configuration list for PBXNativeTarget "ScroTT" */;
			buildPhases = (
				CFF7D2681A88BFCA00DA64F7 /* Sources */,
				CFF7D2691A88BFCA00DA64F7 /* Frameworks */,
				CFF7D26A1A88BFCA00DA64F7 /* Resources */,
			);
			buildRules = (
			);
			dependencies = (
			);
			name = ScroTT;
			productName = ScroTT;
			productReference = CFF7D26C1A88BFCA00DA64F7 /* ScroTT.app */;
			productType = "com.apple.product-type.application";
		};
		CFF7D2841A88BFCA00DA64F7 /* ScroTTTests */ = {
			isa = PBXNativeTarget;
			buildConfigurationList = CFF7D2921A88BFCA00DA64F7 /* Build configuration list for PBXNativeTarget "ScroTTTests" */;
			buildPhases = (
				CFF7D2811A88BFCA00DA64F7 /* Sources */,
				CFF7D2821A88BFCA00DA64F7 /* Frameworks */,
				CFF7D2831A88BFCA00DA64F7 /* Resources */,
			);
			buildRules = (
			);
			dependencies = (
				CFF7D2871A88BFCA00DA64F7 /* PBXTargetDependency */,
			);
			name = ScroTTTests;
			productName = ScroTTTests;
			productReference = CFF7D2851A88BFCA00DA64F7 /* ScroTTTests.xctest */;
			productType = "com.apple.product-type.bundle.unit-test";
		};
/* End PBXNativeTarget section */

/* Begin PBXProject section */
		CFF7D2641A88BFCA00DA64F7 /* Project object */ = {
			isa = PBXProject;
			attributes = {
				LastUpgradeCheck = 0610;
				ORGANIZATIONNAME = YiBan.iOS;
				TargetAttributes = {
					CFF7D26B1A88BFCA00DA64F7 = {
						CreatedOnToolsVersion = 6.1;
					};
					CFF7D2841A88BFCA00DA64F7 = {
						CreatedOnToolsVersion = 6.1;
						TestTargetID = CFF7D26B1A88BFCA00DA64F7;
					};
				};
			};
			buildConfigurationList = CFF7D2671A88BFCA00DA64F7 /* Build configuration list for PBXProject "ScroTT" */;
			compatibilityVersion = "Xcode 3.2";
			developmentRegion = English;
			hasScannedForEncodings = 0;
			knownRegions = (
				en,
				Base,
			);
			mainGroup = CFF7D2631A88BFCA00DA64F7;
			productRefGroup = CFF7D26D1A88BFCA00DA64F7 /* Products */;
			projectDirPath = "";
			projectRoot = "";
			targets = (
				CFF7D26B1A88BFCA00DA64F7 /* ScroTT */,
				CFF7D2841A88BFCA00DA64F7 /* ScroTTTests */,
			);
		};
/* End PBXProject section */

/* Begin PBXResourcesBuildPhase section */
		CFF7D26A1A88BFCA00DA64F7 /* Resources */ = {
			isa = PBXResourcesBuildPhase;
			buildActionMask = 2147483647;
			files = (
				CFF7D27B1A88BFCA00DA64F7 /* Main.storyboard in Resources */,
				CFF7D2801A88BFCA00DA64F7 /* LaunchScreen.xib in Resources */,
				CFF7D27D1A88BFCA00DA64F7 /* Images.xcassets in Resources */,
			);
			runOnlyForDeploymentPostprocessing = 0;
		};
		CFF7D2831A88BFCA00DA64F7 /* Resources */ = {
			isa = PBXResourcesBuildPhase;
			buildActionMask = 2147483647;
			files = (
			);
			runOnlyForDeploymentPostprocessing = 0;
		};
/* End PBXResourcesBuildPhase section */

/* Begin PBXSourcesBuildPhase section */
		CFF7D2681A88BFCA00DA64F7 /* Sources */ = {
			isa = PBXSourcesBuildPhase;
			buildActionMask = 2147483647;
			files = (
				CFF7D2781A88BFCA00DA64F7 /* ViewController.m in Sources */,
				CFF7D2971A88C03000DA64F7 /* YBScrollController.m in Sources */,
				CFF7D2751A88BFCA00DA64F7 /* AppDelegate.m in Sources */,
				CFF7D2721A88BFCA00DA64F7 /* main.m in Sources */,
			);
			runOnlyForDeploymentPostprocessing = 0;
		};
		CFF7D2811A88BFCA00DA64F7 /* Sources */ = {
			isa = PBXSourcesBuildPhase;
			buildActionMask = 2147483647;
			files = (
				CFF7D28C1A88BFCA00DA64F7 /* ScroTTTests.m in Sources */,
			);
			runOnlyForDeploymentPostprocessing = 0;
		};
/* End PBXSourcesBuildPhase section */

/* Begin PBXTargetDependency section */
		CFF7D2871A88BFCA00DA64F7 /* PBXTargetDependency */ = {
			isa = PBXTargetDependency;
			target = CFF7D26B1A88BFCA00DA64F7 /* ScroTT */;
			targetProxy = CFF7D2861A88BFCA00DA64F7 /* PBXContainerItemProxy */;
		};
/* End PBXTargetDependency section */

/* Begin PBXVariantGroup section */
		CFF7D2791A88BFCA00DA64F7 /* Main.storyboard */ = {
			isa = PBXVariantGroup;
			children = (
				CFF7D27A1A88BFCA00DA64F7 /* Base */,
			);
			name = Main.storyboard;
			sourceTree = "<group>";
		};
		CFF7D27E1A88BFCA00DA64F7 /* LaunchScreen.xib */ = {
			isa = PBXVariantGroup;
			children = (
				CFF7D27F1A88BFCA00DA64F7 /* Base */,
			);
			name = LaunchScreen.xib;
			sourceTree = "<group>";
		};
/* End PBXVariantGroup section */

/* Begin XCBuildConfiguration section */
		CFF7D28D1A88BFCA00DA64F7 /* Debug */ = {
			isa = XCBuildConfiguration;
			buildSettings = {
				ALWAYS_SEARCH_USER_PATHS = NO;
				CLANG_CXX_LANGUAGE_STANDARD = "gnu++0x";
				CLANG_CXX_LIBRARY = "libc++";
				CLANG_ENABLE_MODULES = YES;
				CLANG_ENABLE_OBJC_ARC = YES;
				CLANG_WARN_BOOL_CONVERSION = YES;
				CLANG_WARN_CONSTANT_CONVERSION = YES;
				CLANG_WARN_DIRECT_OBJC_ISA_USAGE = YES_ERROR;
				CLANG_WARN_EMPTY_BODY = YES;
				CLANG_WARN_ENUM_CONVERSION = YES;
				CLANG_WARN_INT_CONVERSION = YES;
				CLANG_WARN_OBJC_ROOT_CLASS = YES_ERROR;
				CLANG_WARN_UNREACHABLE_CODE = YES;
				CLANG_WARN__DUPLICATE_METHOD_MATCH = YES;
				"CODE_SIGN_IDENTITY[sdk=iphoneos*]" = "iPhone Developer";
				COPY_PHASE_STRIP = NO;
				ENABLE_STRICT_OBJC_MSGSEND = YES;
				GCC_C_LANGUAGE_STANDARD = gnu99;
				GCC_DYNAMIC_NO_PIC = NO;
				GCC_OPTIMIZATION_LEVEL = 0;
				GCC_PREPROCESSOR_DEFINITIONS = (
					"DEBUG=1",
					"$(inherited)",
				);
				GCC_SYMBOLS_PRIVATE_EXTERN = NO;
				GCC_WARN_64_TO_32_BIT_CONVERSION = YES;
				GCC_WARN_ABOUT_RETURN_TYPE = YES_ERROR;
				GCC_WARN_UNDECLARED_SELECTOR = YES;
				GCC_WARN_UNINITIALIZED_AUTOS = YES_AGGRESSIVE;
				GCC_WARN_UNUSED_FUNCTION = YES;
				GCC_WARN_UNUSED_VARIABLE = YES;
				IPHONEOS_DEPLOYMENT_TARGET = 8.1;
				MTL_ENABLE_DEBUG_INFO = YES;
				ONLY_ACTIVE_ARCH = YES;
				SDKROOT = iphoneos;
			};
			name = Debug;
		};
		CFF7D28E1A88BFCA00DA64F7 /* Release */ = {
			isa = XCBuildConfiguration;
			buildSettings = {
				ALWAYS_SEARCH_USER_PATHS = NO;
				CLANG_CXX_LANGUAGE_STANDARD = "gnu++0x";
				CLANG_CXX_LIBRARY = "libc++";
				CLANG_ENABLE_MODULES = YES;
				CLANG_ENABLE_OBJC_ARC = YES;
				CLANG_WARN_BOOL_CONVERSION = YES;
				CLANG_WARN_CONSTANT_CONVERSION = YES;
				CLANG_WARN_DIRECT_OBJC_ISA_USAGE = YES_ERROR;
				CLANG_WARN_EMPTY_BODY = YES;
				CLANG_WARN_ENUM_CONVERSION = YES;
				CLANG_WARN_INT_CONVERSION = YES;
				CLANG_WARN_OBJC_ROOT_CLASS = YES_ERROR;
				CLANG_WARN_UNREACHABLE_CODE = YES;
				CLANG_WARN__DUPLICATE_METHOD_MATCH = YES;
				"CODE_SIGN_IDENTITY[sdk=iphoneos*]" = "iPhone Developer";
				COPY_PHASE_STRIP = YES;
				ENABLE_NS_ASSERTIONS = NO;
				ENABLE_STRICT_OBJC_MSGSEND = YES;
				GCC_C_LANGUAGE_STANDARD = gnu99;
				GCC_WARN_64_TO_32_BIT_CONVERSION = YES;
				GCC_WARN_ABOUT_RETURN_TYPE = YES_ERROR;
				GCC_WARN_UNDECLARED_SELECTOR = YES;
				GCC_WARN_UNINITIALIZED_AUTOS = YES_AGGRESSIVE;
				GCC_WARN_UNUSED_FUNCTION = YES;
				GCC_WARN_UNUSED_VARIABLE = YES;
				IPHONEOS_DEPLOYMENT_TARGET = 8.1;
				MTL_ENABLE_DEBUG_INFO = NO;
				SDKROOT = iphoneos;
				VALIDATE_PRODUCT = YES;
			};
			name = Release;
		};
		CFF7D2901A88BFCA00DA64F7 /* Debug */ = {
			isa = XCBuildConfiguration;
			buildSettings = {
				ASSETCATALOG_COMPILER_APPICON_NAME = AppIcon;
				INFOPLIST_FILE = ScroTT/Info.plist;
				LD_RUNPATH_SEARCH_PATHS = "$(inherited) @executable_path/Frameworks";
				PRODUCT_NAME = "$(TARGET_NAME)";
			};
			name = Debug;
		};
		CFF7D2911A88BFCA00DA64F7 /* Release */ = {
			isa = XCBuildConfiguration;
			buildSettings = {
				ASSETCATALOG_COMPILER_APPICON_NAME = AppIcon;
				INFOPLIST_FILE = ScroTT/Info.plist;
				LD_RUNPATH_SEARCH_PATHS = "$(inherited) @executable_path/Frameworks";
				PRODUCT_NAME = "$(TARGET_NAME)";
			};
			name = Release;
		};
		CFF7D2931A88BFCA00DA64F7 /* Debug */ = {
			isa = XCBuildConfiguration;
			buildSettings = {
				BUNDLE_LOADER = "$(TEST_HOST)";
				FRAMEWORK_SEARCH_PATHS = (
					"$(SDKROOT)/Developer/Library/Frameworks",
					"$(inherited)",
				);
				GCC_PREPROCESSOR_DEFINITIONS = (
					"DEBUG=1",
					"$(inherited)",
				);
				INFOPLIST_FILE = ScroTTTests/Info.plist;
				LD_RUNPATH_SEARCH_PATHS = "$(inherited) @executable_path/Frameworks @loader_path/Frameworks";
				PRODUCT_NAME = "$(TARGET_NAME)";
				TEST_HOST = "$(BUILT_PRODUCTS_DIR)/ScroTT.app/ScroTT";
			};
			name = Debug;
		};
		CFF7D2941A88BFCA00DA64F7 /* Release */ = {
			isa = XCBuildConfiguration;
			buildSettings = {
				BUNDLE_LOADER = "$(TEST_HOST)";
				FRAMEWORK_SEARCH_PATHS = (
					"$(SDKROOT)/Developer/Library/Frameworks",
					"$(inherited)",
				);
				INFOPLIST_FILE = ScroTTTests/Info.plist;
				LD_RUNPATH_SEARCH_PATHS = "$(inherited) @executable_path/Frameworks @loader_path/Frameworks";
				PRODUCT_NAME = "$(TARGET_NAME)";
				TEST_HOST = "$(BUILT_PRODUCTS_DIR)/ScroTT.app/ScroTT";
			};
			name = Release;
		};
/* End XCBuildConfiguration section */

/* Begin XCConfigurationList section */
		CFF7D2671A88BFCA00DA64F7 /* Build configuration list for PBXProject "ScroTT" */ = {
			isa = XCConfigurationList;
			buildConfigurations = (
				CFF7D28D1A88BFCA00DA64F7 /* Debug */,
				CFF7D28E1A88BFCA00DA64F7 /* Release */,
			);
			defaultConfigurationIsVisible = 0;
			defaultConfigurationName = Release;
		};
		CFF7D28F1A88BFCA00DA64F7 /* Build configuration list for PBXNativeTarget "ScroTT" */ = {
			isa = XCConfigurationList;
			buildConfigurations = (
				CFF7D2901A88BFCA00DA64F7 /* Debug */,
				CFF7D2911A88BFCA00DA64F7 /* Release */,
			);
			defaultConfigurationIsVisible = 0;
		};
		CFF7D2921A88BFCA00DA64F7 /* Build configuration list for PBXNativeTarget "ScroTTTests" */ = {
			isa = XCConfigurationList;
			buildConfigurations = (
				CFF7D2931A88BFCA00DA64F7 /* Debug */,
				CFF7D2941A88BFCA00DA64F7 /* Release */,
			);
			defaultConfigurationIsVisible = 0;
		};
/* End XCConfigurationList section */
	};
	rootObject = CFF7D2641A88BFCA00DA64F7 /* Project object */;
}
